{
  "name": "readmecraft",
  "version": "0.1.0",
  "description": "Craft a clean, professional README in seconds.",
  "type": "module",
  "bin": {
    "readmecraft": "./bin/readmecraft.js"
  },
  "scripts": {
    "format": "prettier -w .",
    "dev": "node ./bin/readmecraft.js"
  },
  "keywords": ["readme", "generator", "cli"],
  "license": "MIT",
  "dependencies": {
    "inquirer": "^9.0.0"
  },
  "devDependencies": {
    "prettier": "^3.0.0"
  }
}
